
Microsoft Visual Studio Solution File, Format Version 12.00
# Visual Studio Version 16
VisualStudioVersion = 16.0.32602.291
MinimumVisualStudioVersion = 10.0.40219.1
Project("{FAE04EC0-301F-11D3-BF4B-00C04F79EFBC}") = "TextRpgs", "TextRpgs\TextRpgs.csproj", "{6536E9E1-8040-43E2-A64E-82DA63AA74AE}"
EndProject
Global
	GlobalSection(SolutionConfigurationPlatforms) = preSolution
		Debug|Any CPU = Debug|Any CPU
		Release|Any CPU = Release|Any CPU
	EndGlobalSection
	GlobalSection(ProjectConfigurationPlatforms) = postSolution
		{6536E9E1-8040-43E2-A64E-82DA63AA74AE}.Debug|Any CPU.ActiveCfg = Debug|Any CPU
		{6536E9E1-8040-43E2-A64E-82DA63AA74AE}.Debug|Any CPU.Build.0 = Debug|Any CPU
		{6536E9E1-8040-43E2-A64E-82DA63AA74AE}.Release|Any CPU.ActiveCfg = Release|Any CPU
		{6536E9E1-8040-43E2-A64E-82DA63AA74AE}.Release|Any CPU.Build.0 = Release|Any CPU
	EndGlobalSection
	GlobalSection(SolutionProperties) = preSolution
		HideSolutionNode = FALSE
	EndGlobalSection
	GlobalSection(ExtensibilityGlobals) = postSolution
		SolutionGuid = {3BD1EACB-B9EB-431E-A8D7-F496E3AAC8B5}
	EndGlobalSection
EndGlobal
